
Microsoft Visual Studio Solution File, Format Version 12.00
# Visual Studio 15
VisualStudioVersion = 15.0.27004.2009
MinimumVisualStudioVersion = 10.0.40219.1
Project("{FAE04EC0-301F-11D3-BF4B-00C04F79EFBC}") = "MaxFilePathLength", "MaxFilePathLength\MaxFilePathLength.csproj", "{96057466-B522-4E52-A48B-97FE71D8CB2C}"
EndProject
Global
	GlobalSection(SolutionConfigurationPlatforms) = preSolution
		Debug|Any CPU = Debug|Any CPU
		Release|Any CPU = Release|Any CPU
	EndGlobalSection
	GlobalSection(ProjectConfigurationPlatforms) = postSolution
		{96057466-B522-4E52-A48B-97FE71D8CB2C}.Debug|Any CPU.ActiveCfg = Debug|Any CPU
		{96057466-B522-4E52-A48B-97FE71D8CB2C}.Debug|Any CPU.Build.0 = Debug|Any CPU
		{96057466-B522-4E52-A48B-97FE71D8CB2C}.Release|Any CPU.ActiveCfg = Release|Any CPU
		{96057466-B522-4E52-A48B-97FE71D8CB2C}.Release|Any CPU.Build.0 = Release|Any CPU
	EndGlobalSection
	GlobalSection(SolutionProperties) = preSolution
		HideSolutionNode = FALSE
	EndGlobalSection
	GlobalSection(ExtensibilityGlobals) = postSolution
		SolutionGuid = {CE1431E3-BE5B-4A40-A57B-DEAE2A4BE1A8}
	EndGlobalSection
EndGlobal
